// !$*UTF8*$!
{
	archiveVersion = 1;
	classes = {
	};
	objectVersion = 55;
	objects = {

/* Begin PBXBuildFile section */
		93B23F7828FF80E3004C283C /* AppDelegate.swift in Sources */ = {isa = PBXBuildFile; fileRef = 93B23F7728FF80E3004C283C /* AppDelegate.swift */; };
		93B23F7A28FF80E3004C283C /* SceneDelegate.swift in Sources */ = {isa = PBXBuildFile; fileRef = 93B23F7928FF80E3004C283C /* SceneDelegate.swift */; };
		93B23F8128FF80E4004C283C /* Assets.xcassets in Resources */ = {isa = PBXBuildFile; fileRef = 93B23F8028FF80E4004C283C /* Assets.xcassets */; };
		93B23F8428FF80E4004C283C /* LaunchScreen.storyboard in Resources */ = {isa = PBXBuildFile; fileRef = 93B23F8228FF80E4004C283C /* LaunchScreen.storyboard */; };
		93B23F8F28FF80E4004C283C /* CardWorkoutProgrammaticTests.swift in Sources */ = {isa = PBXBuildFile; fileRef = 93B23F8E28FF80E4004C283C /* CardWorkoutProgrammaticTests.swift */; };
		93B23F9928FF80E4004C283C /* CardWorkoutProgrammaticUITests.swift in Sources */ = {isa = PBXBuildFile; fileRef = 93B23F9828FF80E4004C283C /* CardWorkoutProgrammaticUITests.swift */; };
		93B23F9B28FF80E4004C283C /* CardWorkoutProgrammaticUITestsLaunchTests.swift in Sources */ = {isa = PBXBuildFile; fileRef = 93B23F9A28FF80E4004C283C /* CardWorkoutProgrammaticUITestsLaunchTests.swift */; };
		93B23FA829005BD2004C283C /* CardSelectionVC.swift in Sources */ = {isa = PBXBuildFile; fileRef = 93B23FA729005BD2004C283C /* CardSelectionVC.swift */; };
		93B23FAA29005D8B004C283C /* CWButton.swift in Sources */ = {isa = PBXBuildFile; fileRef = 93B23FA929005D8B004C283C /* CWButton.swift */; };
		93F876DC290084AA00F04251 /* RulesVC.swift in Sources */ = {isa = PBXBuildFile; fileRef = 93F876DB290084AA00F04251 /* RulesVC.swift */; };
		93F876DE29008C9E00F04251 /* CardDeck.swift in Sources */ = {isa = PBXBuildFile; fileRef = 93F876DD29008C9E00F04251 /* CardDeck.swift */; };
/* End PBXBuildFile section */

/* Begin PBXContainerItemProxy section */
		93B23F8B28FF80E4004C283C /* PBXContainerItemProxy */ = {
			isa = PBXContainerItemProxy;
			containerPortal = 93B23F6C28FF80E3004C283C /* Project object */;
			proxyType = 1;
			remoteGlobalIDString = 93B23F7328FF80E3004C283C;
			remoteInfo = CardWorkoutProgrammatic;
		};
		93B23F9528FF80E4004C283C /* PBXContainerItemProxy */ = {
			isa = PBXContainerItemProxy;
			containerPortal = 93B23F6C28FF80E3004C283C /* Project object */;
			proxyType = 1;
			remoteGlobalIDString = 93B23F7328FF80E3004C283C;
			remoteInfo = CardWorkoutProgrammatic;
		};
/* End PBXContainerItemProxy section */

/* Begin PBXFileReference section */
		93B23F7428FF80E3004C283C /* CardWorkoutProgrammatic.app */ = {isa = PBXFileReference; explicitFileType = wrapper.application; includeInIndex = 0; path = CardWorkoutProgrammatic.app; sourceTree = BUILT_PRODUCTS_DIR; };
		93B23F7728FF80E3004C283C /* AppDelegate.swift */ = {isa = PBXFileReference; lastKnownFileType = sourcecode.swift; path = AppDelegate.swift; sourceTree = "<group>"; };
		93B23F7928FF80E3004C283C /* SceneDelegate.swift */ = {isa = PBXFileReference; lastKnownFileType = sourcecode.swift; path = SceneDelegate.swift; sourceTree = "<group>"; };
		93B23F8028FF80E4004C283C /* Assets.xcassets */ = {isa = PBXFileReference; lastKnownFileType = folder.assetcatalog; path = Assets.xcassets; sourceTree = "<group>"; };
		93B23F8328FF80E4004C283C /* Base */ = {isa = PBXFileReference; lastKnownFileType = file.storyboard; name = Base; path = Base.lproj/LaunchScreen.storyboard; sourceTree = "<group>"; };
		93B23F8528FF80E4004C283C /* Info.plist */ = {isa = PBXFileReference; lastKnownFileType = text.plist.xml; path = Info.plist; sourceTree = "<group>"; };
		93B23F8A28FF80E4004C283C /* CardWorkoutProgrammaticTests.xctest */ = {isa = PBXFileReference; explicitFileType = wrapper.cfbundle; includeInIndex = 0; path = CardWorkoutProgrammaticTests.xctest; sourceTree = BUILT_PRODUCTS_DIR; };
		93B23F8E28FF80E4004C283C /* CardWorkoutProgrammaticTests.swift */ = {isa = PBXFileReference; lastKnownFileType = sourcecode.swift; path = CardWorkoutProgrammaticTests.swift; sourceTree = "<group>"; };
		93B23F9428FF80E4004C283C /* CardWorkoutProgrammaticUITests.xctest */ = {isa = PBXFileReference; explicitFileType = wrapper.cfbundle; includeInIndex = 0; path = CardWorkoutProgrammaticUITests.xctest; sourceTree = BUILT_PRODUCTS_DIR; };
		93B23F9828FF80E4004C283C /* CardWorkoutProgrammaticUITests.swift */ = {isa = PBXFileReference; lastKnownFileType = sourcecode.swift; path = CardWorkoutProgrammaticUITests.swift; sourceTree = "<group>"; };
		93B23F9A28FF80E4004C283C /* CardWorkoutProgrammaticUITestsLaunchTests.swift */ = {isa = PBXFileReference; lastKnownFileType = sourcecode.swift; path = CardWorkoutProgrammaticUITestsLaunchTests.swift; sourceTree = "<group>"; };
		93B23FA729005BD2004C283C /* CardSelectionVC.swift */ = {isa = PBXFileReference; lastKnownFileType = sourcecode.swift; path = CardSelectionVC.swift; sourceTree = "<group>"; };
		93B23FA929005D8B004C283C /* CWButton.swift */ = {isa = PBXFileReference; lastKnownFileType = sourcecode.swift; path = CWButton.swift; sourceTree = "<group>"; };
		93F876DB290084AA00F04251 /* RulesVC.swift */ = {isa = PBXFileReference; lastKnownFileType = sourcecode.swift; path = RulesVC.swift; sourceTree = "<group>"; };
		93F876DD29008C9E00F04251 /* CardDeck.swift */ = {isa = PBXFileReference; lastKnownFileType = sourcecode.swift; path = CardDeck.swift; sourceTree = "<group>"; };
/* End PBXFileReference section */

/* Begin PBXFrameworksBuildPhase section */
		93B23F7128FF80E3004C283C /* Frameworks */ = {
			isa = PBXFrameworksBuildPhase;
			buildActionMask = 2147483647;
			files = (
			);
			runOnlyForDeploymentPostprocessing = 0;
		};
		93B23F8728FF80E4004C283C /* Frameworks */ = {
			isa = PBXFrameworksBuildPhase;
			buildActionMask = 2147483647;
			files = (
			);
			runOnlyForDeploymentPostprocessing = 0;
		};
		93B23F9128FF80E4004C283C /* Frameworks */ = {
			isa = PBXFrameworksBuildPhase;
			buildActionMask = 2147483647;
			files = (
			);
			runOnlyForDeploymentPostprocessing = 0;
		};
/* End PBXFrameworksBuildPhase section */

/* Begin PBXGroup section */
		93B23F6B28FF80E3004C283C = {
			isa = PBXGroup;
			children = (
				93B23F7628FF80E3004C283C /* CardWorkoutProgrammatic */,
				93B23F8D28FF80E4004C283C /* CardWorkoutProgrammaticTests */,
				93B23F9728FF80E4004C283C /* CardWorkoutProgrammaticUITests */,
				93B23F7528FF80E3004C283C /* Products */,
			);
			sourceTree = "<group>";
		};
		93B23F7528FF80E3004C283C /* Products */ = {
			isa = PBXGroup;
			children = (
				93B23F7428FF80E3004C283C /* CardWorkoutProgrammatic.app */,
				93B23F8A28FF80E4004C283C /* CardWorkoutProgrammaticTests.xctest */,
				93B23F9428FF80E4004C283C /* CardWorkoutProgrammaticUITests.xctest */,
			);
			name = Products;
			sourceTree = "<group>";
		};
		93B23F7628FF80E3004C283C /* CardWorkoutProgrammatic */ = {
			isa = PBXGroup;
			children = (
				93B23F7728FF80E3004C283C /* AppDelegate.swift */,
				93B23F7928FF80E3004C283C /* SceneDelegate.swift */,
				93B23FA729005BD2004C283C /* CardSelectionVC.swift */,
				93B23FA929005D8B004C283C /* CWButton.swift */,
				93F876DB290084AA00F04251 /* RulesVC.swift */,
				93F876DD29008C9E00F04251 /* CardDeck.swift */,
				93B23F8028FF80E4004C283C /* Assets.xcassets */,
				93B23F8228FF80E4004C283C /* LaunchScreen.storyboard */,
				93B23F8528FF80E4004C283C /* Info.plist */,
			);
			path = CardWorkoutProgrammatic;
			sourceTree = "<group>";
		};
		93B23F8D28FF80E4004C283C /* CardWorkoutProgrammaticTests */ = {
			isa = PBXGroup;
			children = (
				93B23F8E28FF80E4004C283C /* CardWorkoutProgrammaticTests.swift */,
			);
			path = CardWorkoutProgrammaticTests;
			sourceTree = "<group>";
		};
		93B23F9728FF80E4004C283C /* CardWorkoutProgrammaticUITests */ = {
			isa = PBXGroup;
			children = (
				93B23F9828FF80E4004C283C /* CardWorkoutProgrammaticUITests.swift */,
				93B23F9A28FF80E4004C283C /* CardWorkoutProgrammaticUITestsLaunchTests.swift */,
			);
			path = CardWorkoutProgrammaticUITests;
			sourceTree = "<group>";
		};
/* End PBXGroup section */

/* Begin PBXNativeTarget section */
		93B23F7328FF80E3004C283C /* CardWorkoutProgrammatic */ = {
			isa = PBXNativeTarget;
			buildConfigurationList = 93B23F9E28FF80E4004C283C /* Build configuration list for PBXNativeTarget "CardWorkoutProgrammatic" */;
			buildPhases = (
				93B23F7028FF80E3004C283C /* Sources */,
				93B23F7128FF80E3004C283C /* Frameworks */,
				93B23F7228FF80E3004C283C /* Resources */,
			);
			buildRules = (
			);
			dependencies = (
			);
			name = CardWorkoutProgrammatic;
			productName = CardWorkoutProgrammatic;
			productReference = 93B23F7428FF80E3004C283C /* CardWorkoutProgrammatic.app */;
			productType = "com.apple.product-type.application";
		};
		93B23F8928FF80E4004C283C /* CardWorkoutProgrammaticTests */ = {
			isa = PBXNativeTarget;
			buildConfigurationList = 93B23FA128FF80E4004C283C /* Build configuration list for PBXNativeTarget "CardWorkoutProgrammaticTests" */;
			buildPhases = (
				93B23F8628FF80E4004C283C /* Sources */,
				93B23F8728FF80E4004C283C /* Frameworks */,
				93B23F8828FF80E4004C283C /* Resources */,
			);
			buildRules = (
			);
			dependencies = (
				93B23F8C28FF80E4004C283C /* PBXTargetDependency */,
			);
			name = CardWorkoutProgrammaticTests;
			productName = CardWorkoutProgrammaticTests;
			productReference = 93B23F8A28FF80E4004C283C /* CardWorkoutProgrammaticTests.xctest */;
			productType = "com.apple.product-type.bundle.unit-test";
		};
		93B23F9328FF80E4004C283C /* CardWorkoutProgrammaticUITests */ = {
			isa = PBXNativeTarget;
			buildConfigurationList = 93B23FA428FF80E4004C283C /* Build configuration list for PBXNativeTarget "CardWorkoutProgrammaticUITests" */;
			buildPhases = (
				93B23F9028FF80E4004C283C /* Sources */,
				93B23F9128FF80E4004C283C /* Frameworks */,
				93B23F9228FF80E4004C283C /* Resources */,
			);
			buildRules = (
			);
			dependencies = (
				93B23F9628FF80E4004C283C /* PBXTargetDependency */,
			);
			name = CardWorkoutProgrammaticUITests;
			productName = CardWorkoutProgrammaticUITests;
			productReference = 93B23F9428FF80E4004C283C /* CardWorkoutProgrammaticUITests.xctest */;
			productType = "com.apple.product-type.bundle.ui-testing";
		};
/* End PBXNativeTarget section */

/* Begin PBXProject section */
		93B23F6C28FF80E3004C283C /* Project object */ = {
			isa = PBXProject;
			attributes = {
				BuildIndependentTargetsInParallel = 1;
				LastSwiftUpdateCheck = 1330;
				LastUpgradeCheck = 1330;
				TargetAttributes = {
					93B23F7328FF80E3004C283C = {
						CreatedOnToolsVersion = 13.3;
					};
					93B23F8928FF80E4004C283C = {
						CreatedOnToolsVersion = 13.3;
						TestTargetID = 93B23F7328FF80E3004C283C;
					};
					93B23F9328FF80E4004C283C = {
						CreatedOnToolsVersion = 13.3;
						TestTargetID = 93B23F7328FF80E3004C283C;
					};
				};
			};
			buildConfigurationList = 93B23F6F28FF80E3004C283C /* Build configuration list for PBXProject "CardWorkoutProgrammatic" */;
			compatibilityVersion = "Xcode 13.0";
			developmentRegion = en;
			hasScannedForEncodings = 0;
			knownRegions = (
				en,
				Base,
			);
			mainGroup = 93B23F6B28FF80E3004C283C;
			productRefGroup = 93B23F7528FF80E3004C283C /* Products */;
			projectDirPath = "";
			projectRoot = "";
			targets = (
				93B23F7328FF80E3004C283C /* CardWorkoutProgrammatic */,
				93B23F8928FF80E4004C283C /* CardWorkoutProgrammaticTests */,
				93B23F9328FF80E4004C283C /* CardWorkoutProgrammaticUITests */,
			);
		};
/* End PBXProject section */

/* Begin PBXResourcesBuildPhase section */
		93B23F7228FF80E3004C283C /* Resources */ = {
			isa = PBXResourcesBuildPhase;
			buildActionMask = 2147483647;
			files = (
				93B23F8428FF80E4004C283C /* LaunchScreen.storyboard in Resources */,
				93B23F8128FF80E4004C283C /* Assets.xcassets in Resources */,
			);
			runOnlyForDeploymentPostprocessing = 0;
		};
		93B23F8828FF80E4004C283C /* Resources */ = {
			isa = PBXResourcesBuildPhase;
			buildActionMask = 2147483647;
			files = (
			);
			runOnlyForDeploymentPostprocessing = 0;
		};
		93B23F9228FF80E4004C283C /* Resources */ = {
			isa = PBXResourcesBuildPhase;
			buildActionMask = 2147483647;
			files = (
			);
			runOnlyForDeploymentPostprocessing = 0;
		};
/* End PBXResourcesBuildPhase section */

/* Begin PBXSourcesBuildPhase section */
		93B23F7028FF80E3004C283C /* Sources */ = {
			isa = PBXSourcesBuildPhase;
			buildActionMask = 2147483647;
			files = (
				93F876DE29008C9E00F04251 /* CardDeck.swift in Sources */,
				93B23F7828FF80E3004C283C /* AppDelegate.swift in Sources */,
				93F876DC290084AA00F04251 /* RulesVC.swift in Sources */,
				93B23F7A28FF80E3004C283C /* SceneDelegate.swift in Sources */,
				93B23FA829005BD2004C283C /* CardSelectionVC.swift in Sources */,
				93B23FAA29005D8B004C283C /* CWButton.swift in Sources */,
			);
			runOnlyForDeploymentPostprocessing = 0;
		};
		93B23F8628FF80E4004C283C /* Sources */ = {
			isa = PBXSourcesBuildPhase;
			buildActionMask = 2147483647;
			files = (
				93B23F8F28FF80E4004C283C /* CardWorkoutProgrammaticTests.swift in Sources */,
			);
			runOnlyForDeploymentPostprocessing = 0;
		};
		93B23F9028FF80E4004C283C /* Sources */ = {
			isa = PBXSourcesBuildPhase;
			buildActionMask = 2147483647;
			files = (
				93B23F9B28FF80E4004C283C /* CardWorkoutProgrammaticUITestsLaunchTests.swift in Sources */,
				93B23F9928FF80E4004C283C /* CardWorkoutProgrammaticUITests.swift in Sources */,
			);
			runOnlyForDeploymentPostprocessing = 0;
		};
/* End PBXSourcesBuildPhase section */

/* Begin PBXTargetDependency section */
		93B23F8C28FF80E4004C283C /* PBXTargetDependency */ = {
			isa = PBXTargetDependency;
			target = 93B23F7328FF80E3004C283C /* CardWorkoutProgrammatic */;
			targetProxy = 93B23F8B28FF80E4004C283C /* PBXContainerItemProxy */;
		};
		93B23F9628FF80E4004C283C /* PBXTargetDependency */ = {
			isa = PBXTargetDependency;
			target = 93B23F7328FF80E3004C283C /* CardWorkoutProgrammatic */;
			targetProxy = 93B23F9528FF80E4004C283C /* PBXContainerItemProxy */;
		};
/* End PBXTargetDependency section */

/* Begin PBXVariantGroup section */
		93B23F8228FF80E4004C283C /* LaunchScreen.storyboard */ = {
			isa = PBXVariantGroup;
			children = (
				93B23F8328FF80E4004C283C /* Base */,
			);
			name = LaunchScreen.storyboard;
			sourceTree = "<group>";
		};
/* End PBXVariantGroup section */

/* Begin XCBuildConfiguration section */
		93B23F9C28FF80E4004C283C /* Debug */ = {
			isa = XCBuildConfiguration;
			buildSettings = {
				ALWAYS_SEARCH_USER_PATHS = NO;
				CLANG_ANALYZER_NONNULL = YES;
				CLANG_ANALYZER_NUMBER_OBJECT_CONVERSION = YES_AGGRESSIVE;
				CLANG_CXX_LANGUAGE_STANDARD = "gnu++17";
				CLANG_ENABLE_MODULES = YES;
				CLANG_ENABLE_OBJC_ARC = YES;
				CLANG_ENABLE_OBJC_WEAK = YES;
				CLANG_WARN_BLOCK_CAPTURE_AUTORELEASING = YES;
				CLANG_WARN_BOOL_CONVERSION = YES;
				CLANG_WARN_COMMA = YES;
				CLANG_WARN_CONSTANT_CONVERSION = YES;
				CLANG_WARN_DEPRECATED_OBJC_IMPLEMENTATIONS = YES;
				CLANG_WARN_DIRECT_OBJC_ISA_USAGE = YES_ERROR;
				CLANG_WARN_DOCUMENTATION_COMMENTS = YES;
				CLANG_WARN_EMPTY_BODY = YES;
				CLANG_WARN_ENUM_CONVERSION = YES;
				CLANG_WARN_INFINITE_RECURSION = YES;
				CLANG_WARN_INT_CONVERSION = YES;
				CLANG_WARN_NON_LITERAL_NULL_CONVERSION = YES;
				CLANG_WARN_OBJC_IMPLICIT_RETAIN_SELF = YES;
				CLANG_WARN_OBJC_LITERAL_CONVERSION = YES;
				CLANG_WARN_OBJC_ROOT_CLASS = YES_ERROR;
				CLANG_WARN_QUOTED_INCLUDE_IN_FRAMEWORK_HEADER = YES;
				CLANG_WARN_RANGE_LOOP_ANALYSIS = YES;
				CLANG_WARN_STRICT_PROTOTYPES = YES;
				CLANG_WARN_SUSPICIOUS_MOVE = YES;
				CLANG_WARN_UNGUARDED_AVAILABILITY = YES_AGGRESSIVE;
				CLANG_WARN_UNREACHABLE_CODE = YES;
				CLANG_WARN__DUPLICATE_METHOD_MATCH = YES;
				COPY_PHASE_STRIP = NO;
				DEBUG_INFORMATION_FORMAT = dwarf;
				ENABLE_STRICT_OBJC_MSGSEND = YES;
				ENABLE_TESTABILITY = YES;
				GCC_C_LANGUAGE_STANDARD = gnu11;
				GCC_DYNAMIC_NO_PIC = NO;
				GCC_NO_COMMON_BLOCKS = YES;
				GCC_OPTIMIZATION_LEVEL = 0;
				GCC_PREPROCESSOR_DEFINITIONS = (
					"DEBUG=1",
					"$(inherited)",
				);
				GCC_WARN_64_TO_32_BIT_CONVERSION = YES;
				GCC_WARN_ABOUT_RETURN_TYPE = YES_ERROR;
				GCC_WARN_UNDECLARED_SELECTOR = YES;
				GCC_WARN_UNINITIALIZED_AUTOS = YES_AGGRESSIVE;
				GCC_WARN_UNUSED_FUNCTION = YES;
				GCC_WARN_UNUSED_VARIABLE = YES;
				IPHONEOS_DEPLOYMENT_TARGET = 15.4;
				MTL_ENABLE_DEBUG_INFO = INCLUDE_SOURCE;
				MTL_FAST_MATH = YES;
				ONLY_ACTIVE_ARCH = YES;
				SDKROOT = iphoneos;
				SWIFT_ACTIVE_COMPILATION_CONDITIONS = DEBUG;
				SWIFT_OPTIMIZATION_LEVEL = "-Onone";
			};
			name = Debug;
		};
		93B23F9D28FF80E4004C283C /* Release */ = {
			isa = XCBuildConfiguration;
			buildSettings = {
				ALWAYS_SEARCH_USER_PATHS = NO;
				CLANG_ANALYZER_NONNULL = YES;
				CLANG_ANALYZER_NUMBER_OBJECT_CONVERSION = YES_AGGRESSIVE;
				CLANG_CXX_LANGUAGE_STANDARD = "gnu++17";
				CLANG_ENABLE_MODULES = YES;
				CLANG_ENABLE_OBJC_ARC = YES;
				CLANG_ENABLE_OBJC_WEAK = YES;
				CLANG_WARN_BLOCK_CAPTURE_AUTORELEASING = YES;
				CLANG_WARN_BOOL_CONVERSION = YES;
				CLANG_WARN_COMMA = YES;
				CLANG_WARN_CONSTANT_CONVERSION = YES;
				CLANG_WARN_DEPRECATED_OBJC_IMPLEMENTATIONS = YES;
				CLANG_WARN_DIRECT_OBJC_ISA_USAGE = YES_ERROR;
				CLANG_WARN_DOCUMENTATION_COMMENTS = YES;
				CLANG_WARN_EMPTY_BODY = YES;
				CLANG_WARN_ENUM_CONVERSION = YES;
				CLANG_WARN_INFINITE_RECURSION = YES;
				CLANG_WARN_INT_CONVERSION = YES;
				CLANG_WARN_NON_LITERAL_NULL_CONVERSION = YES;
				CLANG_WARN_OBJC_IMPLICIT_RETAIN_SELF = YES;
				CLANG_WARN_OBJC_LITERAL_CONVERSION = YES;
				CLANG_WARN_OBJC_ROOT_CLASS = YES_ERROR;
				CLANG_WARN_QUOTED_INCLUDE_IN_FRAMEWORK_HEADER = YES;
				CLANG_WARN_RANGE_LOOP_ANALYSIS = YES;
				CLANG_WARN_STRICT_PROTOTYPES = YES;
				CLANG_WARN_SUSPICIOUS_MOVE = YES;
				CLANG_WARN_UNGUARDED_AVAILABILITY = YES_AGGRESSIVE;
				CLANG_WARN_UNREACHABLE_CODE = YES;
				CLANG_WARN__DUPLICATE_METHOD_MATCH = YES;
				COPY_PHASE_STRIP = NO;
				DEBUG_INFORMATION_FORMAT = "dwarf-with-dsym";
				ENABLE_NS_ASSERTIONS = NO;
				ENABLE_STRICT_OBJC_MSGSEND = YES;
				GCC_C_LANGUAGE_STANDARD = gnu11;
				GCC_NO_COMMON_BLOCKS = YES;
				GCC_WARN_64_TO_32_BIT_CONVERSION = YES;
				GCC_WARN_ABOUT_RETURN_TYPE = YES_ERROR;
				GCC_WARN_UNDECLARED_SELECTOR = YES;
				GCC_WARN_UNINITIALIZED_AUTOS = YES_AGGRESSIVE;
				GCC_WARN_UNUSED_FUNCTION = YES;
				GCC_WARN_UNUSED_VARIABLE = YES;
				IPHONEOS_DEPLOYMENT_TARGET = 15.4;
				MTL_ENABLE_DEBUG_INFO = NO;
				MTL_FAST_MATH = YES;
				SDKROOT = iphoneos;
				SWIFT_COMPILATION_MODE = wholemodule;
				SWIFT_OPTIMIZATION_LEVEL = "-O";
				VALIDATE_PRODUCT = YES;
			};
			name = Release;
		};
		93B23F9F28FF80E4004C283C /* Debug */ = {
			isa = XCBuildConfiguration;
			buildSettings = {
				ASSETCATALOG_COMPILER_APPICON_NAME = AppIcon;
				ASSETCATALOG_COMPILER_GLOBAL_ACCENT_COLOR_NAME = AccentColor;
				CODE_SIGN_STYLE = Automatic;
				CURRENT_PROJECT_VERSION = 1;
				GENERATE_INFOPLIST_FILE = YES;
				INFOPLIST_FILE = CardWorkoutProgrammatic/Info.plist;
				INFOPLIST_KEY_UIApplicationSupportsIndirectInputEvents = YES;
				INFOPLIST_KEY_UILaunchStoryboardName = LaunchScreen;
				INFOPLIST_KEY_UISupportedInterfaceOrientations_iPad = "UIInterfaceOrientationPortrait UIInterfaceOrientationPortraitUpsideDown UIInterfaceOrientationLandscapeLeft UIInterfaceOrientationLandscapeRight";
				INFOPLIST_KEY_UISupportedInterfaceOrientations_iPhone = "UIInterfaceOrientationPortrait UIInterfaceOrientationLandscapeLeft UIInterfaceOrientationLandscapeRight";
				LD_RUNPATH_SEARCH_PATHS = (
					"$(inherited)",
					"@executable_path/Frameworks",
				);
				MARKETING_VERSION = 1.0;
				PRODUCT_BUNDLE_IDENTIFIER = Patar.CardWorkoutProgrammatic;
				PRODUCT_NAME = "$(TARGET_NAME)";
				SWIFT_EMIT_LOC_STRINGS = YES;
				SWIFT_VERSION = 5.0;
				TARGETED_DEVICE_FAMILY = "1,2";
			};
			name = Debug;
		};
		93B23FA028FF80E4004C283C /* Release */ = {
			isa = XCBuildConfiguration;
			buildSettings = {
				ASSETCATALOG_COMPILER_APPICON_NAME = AppIcon;
				ASSETCATALOG_COMPILER_GLOBAL_ACCENT_COLOR_NAME = AccentColor;
				CODE_SIGN_STYLE = Automatic;
				CURRENT_PROJECT_VERSION = 1;
				GENERATE_INFOPLIST_FILE = YES;
				INFOPLIST_FILE = CardWorkoutProgrammatic/Info.plist;
				INFOPLIST_KEY_UIApplicationSupportsIndirectInputEvents = YES;
				INFOPLIST_KEY_UILaunchStoryboardName = LaunchScreen;
				INFOPLIST_KEY_UISupportedInterfaceOrientations_iPad = "UIInterfaceOrientationPortrait UIInterfaceOrientationPortraitUpsideDown UIInterfaceOrientationLandscapeLeft UIInterfaceOrientationLandscapeRight";
				INFOPLIST_KEY_UISupportedInterfaceOrientations_iPhone = "UIInterfaceOrientationPortrait UIInterfaceOrientationLandscapeLeft UIInterfaceOrientationLandscapeRight";
				LD_RUNPATH_SEARCH_PATHS = (
					"$(inherited)",
					"@executable_path/Frameworks",
				);
				MARKETING_VERSION = 1.0;
				PRODUCT_BUNDLE_IDENTIFIER = Patar.CardWorkoutProgrammatic;
				PRODUCT_NAME = "$(TARGET_NAME)";
				SWIFT_EMIT_LOC_STRINGS = YES;
				SWIFT_VERSION = 5.0;
				TARGETED_DEVICE_FAMILY = "1,2";
			};
			name = Release;
		};
		93B23FA228FF80E4004C283C /* Debug */ = {
			isa = XCBuildConfiguration;
			buildSettings = {
				ALWAYS_EMBED_SWIFT_STANDARD_LIBRARIES = YES;
				BUNDLE_LOADER = "$(TEST_HOST)";
				CODE_SIGN_STYLE = Automatic;
				CURRENT_PROJECT_VERSION = 1;
				GENERATE_INFOPLIST_FILE = YES;
				IPHONEOS_DEPLOYMENT_TARGET = 15.4;
				MARKETING_VERSION = 1.0;
				PRODUCT_BUNDLE_IDENTIFIER = Patar.CardWorkoutProgrammaticTests;
				PRODUCT_NAME = "$(TARGET_NAME)";
				SWIFT_EMIT_LOC_STRINGS = NO;
				SWIFT_VERSION = 5.0;
				TARGETED_DEVICE_FAMILY = "1,2";
				TEST_HOST = "$(BUILT_PRODUCTS_DIR)/CardWorkoutProgrammatic.app/CardWorkoutProgrammatic";
			};
			name = Debug;
		};
		93B23FA328FF80E4004C283C /* Release */ = {
			isa = XCBuildConfiguration;
			buildSettings = {
				ALWAYS_EMBED_SWIFT_STANDARD_LIBRARIES = YES;
				BUNDLE_LOADER = "$(TEST_HOST)";
				CODE_SIGN_STYLE = Automatic;
				CURRENT_PROJECT_VERSION = 1;
				GENERATE_INFOPLIST_FILE = YES;
				IPHONEOS_DEPLOYMENT_TARGET = 15.4;
				MARKETING_VERSION = 1.0;
				PRODUCT_BUNDLE_IDENTIFIER = Patar.CardWorkoutProgrammaticTests;
				PRODUCT_NAME = "$(TARGET_NAME)";
				SWIFT_EMIT_LOC_STRINGS = NO;
				SWIFT_VERSION = 5.0;
				TARGETED_DEVICE_FAMILY = "1,2";
				TEST_HOST = "$(BUILT_PRODUCTS_DIR)/CardWorkoutProgrammatic.app/CardWorkoutProgrammatic";
			};
			name = Release;
		};
		93B23FA528FF80E4004C283C /* Debug */ = {
			isa = XCBuildConfiguration;
			buildSettings = {
				ALWAYS_EMBED_SWIFT_STANDARD_LIBRARIES = YES;
				CODE_SIGN_STYLE = Automatic;
				CURRENT_PROJECT_VERSION = 1;
				GENERATE_INFOPLIST_FILE = YES;
				MARKETING_VERSION = 1.0;
				PRODUCT_BUNDLE_IDENTIFIER = Patar.CardWorkoutProgrammaticUITests;
				PRODUCT_NAME = "$(TARGET_NAME)";
				SWIFT_EMIT_LOC_STRINGS = NO;
				SWIFT_VERSION = 5.0;
				TARGETED_DEVICE_FAMILY = "1,2";
				TEST_TARGET_NAME = CardWorkoutProgrammatic;
			};
			name = Debug;
		};
		93B23FA628FF80E4004C283C /* Release */ = {
			isa = XCBuildConfiguration;
			buildSettings = {
				ALWAYS_EMBED_SWIFT_STANDARD_LIBRARIES = YES;
				CODE_SIGN_STYLE = Automatic;
				CURRENT_PROJECT_VERSION = 1;
				GENERATE_INFOPLIST_FILE = YES;
				MARKETING_VERSION = 1.0;
				PRODUCT_BUNDLE_IDENTIFIER = Patar.CardWorkoutProgrammaticUITests;
				PRODUCT_NAME = "$(TARGET_NAME)";
				SWIFT_EMIT_LOC_STRINGS = NO;
				SWIFT_VERSION = 5.0;
				TARGETED_DEVICE_FAMILY = "1,2";
				TEST_TARGET_NAME = CardWorkoutProgrammatic;
			};
			name = Release;
		};
/* End XCBuildConfiguration section */

/* Begin XCConfigurationList section */
		93B23F6F28FF80E3004C283C /* Build configuration list for PBXProject "CardWorkoutProgrammatic" */ = {
			isa = XCConfigurationList;
			buildConfigurations = (
				93B23F9C28FF80E4004C283C /* Debug */,
				93B23F9D28FF80E4004C283C /* Release */,
			);
			defaultConfigurationIsVisible = 0;
			defaultConfigurationName = Release;
		};
		93B23F9E28FF80E4004C283C /* Build configuration list for PBXNativeTarget "CardWorkoutProgrammatic" */ = {
			isa = XCConfigurationList;
			buildConfigurations = (
				93B23F9F28FF80E4004C283C /* Debug */,
				93B23FA028FF80E4004C283C /* Release */,
			);
			defaultConfigurationIsVisible = 0;
			defaultConfigurationName = Release;
		};
		93B23FA128FF80E4004C283C /* Build configuration list for PBXNativeTarget "CardWorkoutProgrammaticTests" */ = {
			isa = XCConfigurationList;
			buildConfigurations = (
				93B23FA228FF80E4004C283C /* Debug */,
				93B23FA328FF80E4004C283C /* Release */,
			);
			defaultConfigurationIsVisible = 0;
			defaultConfigurationName = Release;
		};
		93B23FA428FF80E4004C283C /* Build configuration list for PBXNativeTarget "CardWorkoutProgrammaticUITests" */ = {
			isa = XCConfigurationList;
			buildConfigurations = (
				93B23FA528FF80E4004C283C /* Debug */,
				93B23FA628FF80E4004C283C /* Release */,
			);
			defaultConfigurationIsVisible = 0;
			defaultConfigurationName = Release;
		};
/* End XCConfigurationList section */
	};
	rootObject = 93B23F6C28FF80E3004C283C /* Project object */;
}
